<?xml version="1.0" encoding="utf-8"?>
<Project ToolsVersion="4.0" xmlns="http://schemas.microsoft.com/developer/msbuild/2003">
  <ItemGroup>
    <Filter Include="Source Files">
      <UniqueIdentifier>{4FC737F1-C7A5-4376-A066-2A32D752A2FF}</UniqueIdentifier>
      <Extensions>cpp;c;cc;cxx;def;odl;idl;hpj;bat;asm;asmx</Extensions>
    </Filter>
    <Filter Include="Header Files">
      <UniqueIdentifier>{93995380-89BD-4b04-88EB-625FBE52EBFB}</UniqueIdentifier>
      <Extensions>h;hh;hpp;hxx;hm;inl;inc;ipp;xsd</Extensions>
    </Filter>
    <Filter Include="Resource Files">
      <UniqueIdentifier>{67DA6AB6-F800-4c08-8B7A-83BB121AAD01}</UniqueIdentifier>
      <Extensions>rc;ico;cur;bmp;dlg;rc2;rct;bin;rgs;gif;jpg;jpeg;jpe;resx;tiff;tif;png;wav;mfcribbon-ms</Extensions>
    </Filter>
  </ItemGroup>
  <ItemGroup>
    <ClInclude Include="pch.h">
      <Filter>Header Files</Filter>
    </ClInclude>
    <ClInclude Include="ball.h">
      <Filter>Header Files</Filter>
    </ClInclude>
    <ClInclude Include="game.h">
      <Filter>Header Files</Filter>
    </ClInclude>
    <ClInclude Include="menu.h">
      <Filter>Header Files</Filter>
    </ClInclude>
    <ClInclude Include="paddle.h">
      <Filter>Header Files</Filter>
    </ClInclude>
    <ClInclude Include="pauseMessage.h">
      <Filter>Header Files</Filter>
    </ClInclude>
    <ClInclude Include="Brick.h">
      <Filter>Header Files</Filter>
    </ClInclude>
    <ClInclude Include="TopHighScore.h">
      <Filter>Header Files</Filter>
    </ClInclude>
    <ClInclude Include="Score.h">
      <Filter>Header Files</Filter>
    </ClInclude>
    <ClInclude Include="ScoreNow.h">
      <Filter>Header Files</Filter>
    </ClInclude>
    <ClInclude Include="ComponentHighScore.h">
      <Filter>Header Files</Filter>
    </ClInclude>
    <ClInclude Include="ListViewHighScore.h">
      <Filter>Header Files</Filter>
    </ClInclude>
    <ClInclude Include="IconWindows.h">
      <Filter>Header Files</Filter>
    </ClInclude>
    <ClInclude Include="Heart.h">
      <Filter>Header Files</Filter>
    </ClInclude>
    <ClInclude Include="BackgroundInfo.h">
      <Filter>Header Files</Filter>
    </ClInclude>
    <ClInclude Include="HideHeart.h">
      <Filter>Header Files</Filter>
    </ClInclude>
    <ClInclude Include="item.h">
      <Filter>Header Files</Filter>
    </ClInclude>
    <ClInclude Include="ResizePaddle.h">
      <Filter>Header Files</Filter>
    </ClInclude>
    <ClInclude Include="PlusPoint.h">
      <Filter>Header Files</Filter>
    </ClInclude>
    <ClInclude Include="GenerateMapBaseLevel.h">
      <Filter>Header Files</Filter>
    </ClInclude>
    <ClInclude Include="SaveTraceBall.h">
      <Filter>Header Files</Filter>
    </ClInclude>
    <ClInclude Include="SoundBrick.h">
      <Filter>Header Files</Filter>
    </ClInclude>
    <ClInclude Include="MinusPaddle.h">
      <Filter>Header Files</Filter>
    </ClInclude>
  </ItemGroup>
  <ItemGroup>
    <ClCompile Include="pch.cpp">
      <Filter>Source Files</Filter>
    </ClCompile>
    <ClCompile Include="GamePing.cpp">
      <Filter>Source Files</Filter>
    </ClCompile>
    <ClCompile Include="ball.cpp">
      <Filter>Source Files</Filter>
    </ClCompile>
    <ClCompile Include="game.cpp">
      <Filter>Source Files</Filter>
    </ClCompile>
    <ClCompile Include="menu.cpp">
      <Filter>Source Files</Filter>
    </ClCompile>
    <ClCompile Include="paddle.cpp">
      <Filter>Source Files</Filter>
    </ClCompile>
    <ClCompile Include="pauseMessage.cpp">
      <Filter>Source Files</Filter>
    </ClCompile>
    <ClCompile Include="Brick.cpp">
      <Filter>Source Files</Filter>
    </ClCompile>
    <ClCompile Include="TopHighScore.cpp">
      <Filter>Source Files</Filter>
    </ClCompile>
    <ClCompile Include="Score.cpp">
      <Filter>Source Files</Filter>
    </ClCompile>
    <ClCompile Include="ScoreNow.cpp">
      <Filter>Source Files</Filter>
    </ClCompile>
    <ClCompile Include="ComponentHighScore.cpp">
      <Filter>Source Files</Filter>
    </ClCompile>
    <ClCompile Include="ListViewHighScore.cpp">
      <Filter>Source Files</Filter>
    </ClCompile>
    <ClCompile Include="IconWindows.cpp">
      <Filter>Source Files</Filter>
    </ClCompile>
    <ClCompile Include="Heart.cpp">
      <Filter>Source Files</Filter>
    </ClCompile>
    <ClCompile Include="BackgroundInfo.cpp">
      <Filter>Source Files</Filter>
    </ClCompile>
    <ClCompile Include="HideHeart.cpp">
      <Filter>Source Files</Filter>
    </ClCompile>
    <ClCompile Include="item.cpp">
      <Filter>Source Files</Filter>
    </ClCompile>
    <ClCompile Include="ResizePaddle.cpp">
      <Filter>Source Files</Filter>
    </ClCompile>
    <ClCompile Include="PlusPoint.cpp">
      <Filter>Source Files</Filter>
    </ClCompile>
    <ClCompile Include="GenerateMapBaseLevel.cpp">
      <Filter>Source Files</Filter>
    </ClCompile>
    <ClCompile Include="SaveTraceBall.cpp">
      <Filter>Source Files</Filter>
    </ClCompile>
    <ClCompile Include="SoundBrick.cpp">
      <Filter>Source Files</Filter>
    </ClCompile>
    <ClCompile Include="MinusPaddle.cpp">
      <Filter>Source Files</Filter>
    </ClCompile>
  </ItemGroup>
</Project>